
Microsoft Visual Studio Solution File, Format Version 12.00
# Visual Studio Version 16
VisualStudioVersion = 16.0.30804.86
MinimumVisualStudioVersion = 10.0.40219.1
Project("{FAE04EC0-301F-11D3-BF4B-00C04F79EFBC}") = "SimulatorWithONNX", "SimulatorWithONNX.csproj", "{589FCAA1-F7EA-465D-8871-8C6149597FA3}"
EndProject
Global
	GlobalSection(SolutionConfigurationPlatforms) = preSolution
		Debug|Any CPU = Debug|Any CPU
		Release|Any CPU = Release|Any CPU
	EndGlobalSection
	GlobalSection(ProjectConfigurationPlatforms) = postSolution
		{589FCAA1-F7EA-465D-8871-8C6149597FA3}.Debug|Any CPU.ActiveCfg = Debug|Any CPU
		{589FCAA1-F7EA-465D-8871-8C6149597FA3}.Debug|Any CPU.Build.0 = Debug|Any CPU
		{589FCAA1-F7EA-465D-8871-8C6149597FA3}.Release|Any CPU.ActiveCfg = Release|Any CPU
		{589FCAA1-F7EA-465D-8871-8C6149597FA3}.Release|Any CPU.Build.0 = Release|Any CPU
	EndGlobalSection
	GlobalSection(SolutionProperties) = preSolution
		HideSolutionNode = FALSE
	EndGlobalSection
	GlobalSection(ExtensibilityGlobals) = postSolution
		SolutionGuid = {6EDE094C-CF3C-42CA-A24F-4C197ADDA5F7}
	EndGlobalSection
EndGlobal
